
Microsoft Visual Studio Solution File, Format Version 12.00
# Visual Studio Version 16
VisualStudioVersion = 16.0.31205.134
MinimumVisualStudioVersion = 10.0.40219.1
Project("{FAE04EC0-301F-11D3-BF4B-00C04F79EFBC}") = "BillManager.Android", "BillManager.Android\BillManager.Android.csproj", "{6EADD0E9-34A0-4A7E-9E99-75A7194C41EA}"
EndProject
Project("{FAE04EC0-301F-11D3-BF4B-00C04F79EFBC}") = "BillManager.iOS", "BillManager.iOS\BillManager.iOS.csproj", "{5AE9A0B5-FF67-48EB-B0FC-81D74DA0EE60}"
EndProject
Project("{FAE04EC0-301F-11D3-BF4B-00C04F79EFBC}") = "BillManager", "BillManager\BillManager.csproj", "{63A59F77-A596-4373-8090-C94DF772B54F}"
EndProject
Project("{FAE04EC0-301F-11D3-BF4B-00C04F79EFBC}") = "BillManager.Dal", "..\BillManager.Dal\BillManager.Dal\BillManager.Dal.csproj", "{2D6D6980-574E-4E2F-9E38-1DC9C8D91AEF}"
EndProject
Global
	GlobalSection(SolutionConfigurationPlatforms) = preSolution
		Debug|Any CPU = Debug|Any CPU
		Debug|iPhone = Debug|iPhone
		Debug|iPhoneSimulator = Debug|iPhoneSimulator
		Release|Any CPU = Release|Any CPU
		Release|iPhone = Release|iPhone
		Release|iPhoneSimulator = Release|iPhoneSimulator
	EndGlobalSection
	GlobalSection(ProjectConfigurationPlatforms) = postSolution
		{6EADD0E9-34A0-4A7E-9E99-75A7194C41EA}.Debug|Any CPU.ActiveCfg = Debug|Any CPU
		{6EADD0E9-34A0-4A7E-9E99-75A7194C41EA}.Debug|Any CPU.Build.0 = Debug|Any CPU
		{6EADD0E9-34A0-4A7E-9E99-75A7194C41EA}.Debug|Any CPU.Deploy.0 = Debug|Any CPU
		{6EADD0E9-34A0-4A7E-9E99-75A7194C41EA}.Debug|iPhone.ActiveCfg = Debug|Any CPU
		{6EADD0E9-34A0-4A7E-9E99-75A7194C41EA}.Debug|iPhone.Build.0 = Debug|Any CPU
		{6EADD0E9-34A0-4A7E-9E99-75A7194C41EA}.Debug|iPhone.Deploy.0 = Debug|Any CPU
		{6EADD0E9-34A0-4A7E-9E99-75A7194C41EA}.Debug|iPhoneSimulator.ActiveCfg = Debug|Any CPU
		{6EADD0E9-34A0-4A7E-9E99-75A7194C41EA}.Debug|iPhoneSimulator.Build.0 = Debug|Any CPU
		{6EADD0E9-34A0-4A7E-9E99-75A7194C41EA}.Debug|iPhoneSimulator.Deploy.0 = Debug|Any CPU
		{6EADD0E9-34A0-4A7E-9E99-75A7194C41EA}.Release|Any CPU.ActiveCfg = Release|Any CPU
		{6EADD0E9-34A0-4A7E-9E99-75A7194C41EA}.Release|Any CPU.Build.0 = Release|Any CPU
		{6EADD0E9-34A0-4A7E-9E99-75A7194C41EA}.Release|Any CPU.Deploy.0 = Release|Any CPU
		{6EADD0E9-34A0-4A7E-9E99-75A7194C41EA}.Release|iPhone.ActiveCfg = Release|Any CPU
		{6EADD0E9-34A0-4A7E-9E99-75A7194C41EA}.Release|iPhone.Build.0 = Release|Any CPU
		{6EADD0E9-34A0-4A7E-9E99-75A7194C41EA}.Release|iPhone.Deploy.0 = Release|Any CPU
		{6EADD0E9-34A0-4A7E-9E99-75A7194C41EA}.Release|iPhoneSimulator.ActiveCfg = Release|Any CPU
		{6EADD0E9-34A0-4A7E-9E99-75A7194C41EA}.Release|iPhoneSimulator.Build.0 = Release|Any CPU
		{6EADD0E9-34A0-4A7E-9E99-75A7194C41EA}.Release|iPhoneSimulator.Deploy.0 = Release|Any CPU
		{5AE9A0B5-FF67-48EB-B0FC-81D74DA0EE60}.Debug|Any CPU.ActiveCfg = Debug|iPhone
		{5AE9A0B5-FF67-48EB-B0FC-81D74DA0EE60}.Debug|Any CPU.Build.0 = Debug|iPhone
		{5AE9A0B5-FF67-48EB-B0FC-81D74DA0EE60}.Debug|Any CPU.Deploy.0 = Debug|iPhone
		{5AE9A0B5-FF67-48EB-B0FC-81D74DA0EE60}.Debug|iPhone.ActiveCfg = Debug|iPhone
		{5AE9A0B5-FF67-48EB-B0FC-81D74DA0EE60}.Debug|iPhone.Build.0 = Debug|iPhone
		{5AE9A0B5-FF67-48EB-B0FC-81D74DA0EE60}.Debug|iPhone.Deploy.0 = Debug|iPhone
		{5AE9A0B5-FF67-48EB-B0FC-81D74DA0EE60}.Debug|iPhoneSimulator.ActiveCfg = Debug|iPhoneSimulator
		{5AE9A0B5-FF67-48EB-B0FC-81D74DA0EE60}.Debug|iPhoneSimulator.Build.0 = Debug|iPhoneSimulator
		{5AE9A0B5-FF67-48EB-B0FC-81D74DA0EE60}.Debug|iPhoneSimulator.Deploy.0 = Debug|iPhoneSimulator
		{5AE9A0B5-FF67-48EB-B0FC-81D74DA0EE60}.Release|Any CPU.ActiveCfg = Release|iPhoneSimulator
		{5AE9A0B5-FF67-48EB-B0FC-81D74DA0EE60}.Release|Any CPU.Build.0 = Release|iPhoneSimulator
		{5AE9A0B5-FF67-48EB-B0FC-81D74DA0EE60}.Release|Any CPU.Deploy.0 = Release|iPhoneSimulator
		{5AE9A0B5-FF67-48EB-B0FC-81D74DA0EE60}.Release|iPhone.ActiveCfg = Release|iPhone
		{5AE9A0B5-FF67-48EB-B0FC-81D74DA0EE60}.Release|iPhone.Build.0 = Release|iPhone
		{5AE9A0B5-FF67-48EB-B0FC-81D74DA0EE60}.Release|iPhone.Deploy.0 = Release|iPhone
		{5AE9A0B5-FF67-48EB-B0FC-81D74DA0EE60}.Release|iPhoneSimulator.ActiveCfg = Release|iPhoneSimulator
		{5AE9A0B5-FF67-48EB-B0FC-81D74DA0EE60}.Release|iPhoneSimulator.Build.0 = Release|iPhoneSimulator
		{5AE9A0B5-FF67-48EB-B0FC-81D74DA0EE60}.Release|iPhoneSimulator.Deploy.0 = Release|iPhoneSimulator
		{63A59F77-A596-4373-8090-C94DF772B54F}.Debug|Any CPU.ActiveCfg = Debug|Any CPU
		{63A59F77-A596-4373-8090-C94DF772B54F}.Debug|Any CPU.Build.0 = Debug|Any CPU
		{63A59F77-A596-4373-8090-C94DF772B54F}.Debug|Any CPU.Deploy.0 = Debug|Any CPU
		{63A59F77-A596-4373-8090-C94DF772B54F}.Debug|iPhone.ActiveCfg = Debug|Any CPU
		{63A59F77-A596-4373-8090-C94DF772B54F}.Debug|iPhone.Build.0 = Debug|Any CPU
		{63A59F77-A596-4373-8090-C94DF772B54F}.Debug|iPhone.Deploy.0 = Debug|Any CPU
		{63A59F77-A596-4373-8090-C94DF772B54F}.Debug|iPhoneSimulator.ActiveCfg = Debug|Any CPU
		{63A59F77-A596-4373-8090-C94DF772B54F}.Debug|iPhoneSimulator.Build.0 = Debug|Any CPU
		{63A59F77-A596-4373-8090-C94DF772B54F}.Debug|iPhoneSimulator.Deploy.0 = Debug|Any CPU
		{63A59F77-A596-4373-8090-C94DF772B54F}.Release|Any CPU.ActiveCfg = Release|Any CPU
		{63A59F77-A596-4373-8090-C94DF772B54F}.Release|Any CPU.Build.0 = Release|Any CPU
		{63A59F77-A596-4373-8090-C94DF772B54F}.Release|Any CPU.Deploy.0 = Release|Any CPU
		{63A59F77-A596-4373-8090-C94DF772B54F}.Release|iPhone.ActiveCfg = Release|Any CPU
		{63A59F77-A596-4373-8090-C94DF772B54F}.Release|iPhone.Build.0 = Release|Any CPU
		{63A59F77-A596-4373-8090-C94DF772B54F}.Release|iPhone.Deploy.0 = Release|Any CPU
		{63A59F77-A596-4373-8090-C94DF772B54F}.Release|iPhoneSimulator.ActiveCfg = Release|Any CPU
		{63A59F77-A596-4373-8090-C94DF772B54F}.Release|iPhoneSimulator.Build.0 = Release|Any CPU
		{63A59F77-A596-4373-8090-C94DF772B54F}.Release|iPhoneSimulator.Deploy.0 = Release|Any CPU
		{2D6D6980-574E-4E2F-9E38-1DC9C8D91AEF}.Debug|Any CPU.ActiveCfg = Debug|Any CPU
		{2D6D6980-574E-4E2F-9E38-1DC9C8D91AEF}.Debug|Any CPU.Build.0 = Debug|Any CPU
		{2D6D6980-574E-4E2F-9E38-1DC9C8D91AEF}.Debug|iPhone.ActiveCfg = Debug|Any CPU
		{2D6D6980-574E-4E2F-9E38-1DC9C8D91AEF}.Debug|iPhone.Build.0 = Debug|Any CPU
		{2D6D6980-574E-4E2F-9E38-1DC9C8D91AEF}.Debug|iPhoneSimulator.ActiveCfg = Debug|Any CPU
		{2D6D6980-574E-4E2F-9E38-1DC9C8D91AEF}.Debug|iPhoneSimulator.Build.0 = Debug|Any CPU
		{2D6D6980-574E-4E2F-9E38-1DC9C8D91AEF}.Release|Any CPU.ActiveCfg = Release|Any CPU
		{2D6D6980-574E-4E2F-9E38-1DC9C8D91AEF}.Release|Any CPU.Build.0 = Release|Any CPU
		{2D6D6980-574E-4E2F-9E38-1DC9C8D91AEF}.Release|iPhone.ActiveCfg = Release|Any CPU
		{2D6D6980-574E-4E2F-9E38-1DC9C8D91AEF}.Release|iPhone.Build.0 = Release|Any CPU
		{2D6D6980-574E-4E2F-9E38-1DC9C8D91AEF}.Release|iPhoneSimulator.ActiveCfg = Release|Any CPU
		{2D6D6980-574E-4E2F-9E38-1DC9C8D91AEF}.Release|iPhoneSimulator.Build.0 = Release|Any CPU
	EndGlobalSection
	GlobalSection(SolutionProperties) = preSolution
		HideSolutionNode = FALSE
	EndGlobalSection
	GlobalSection(ExtensibilityGlobals) = postSolution
		SolutionGuid = {18023DC0-F5E3-46B8-9968-EE9E05DBF7E6}
	EndGlobalSection
EndGlobal
